
Microsoft Visual Studio Solution File, Format Version 12.00
# Visual Studio Version 16
VisualStudioVersion = 16.0.31005.135
MinimumVisualStudioVersion = 10.0.40219.1
Project("{9A19103F-16F7-4668-BE54-9A1E7A4F7556}") = "BlazorHomieDashboard", "BlazorHomieDashboard\BlazorHomieDashboard.csproj", "{B775D0EB-3E5D-4D8F-80CB-44AEE4876434}"
EndProject
Project("{2150E333-8FDC-42A3-9474-1A3956D46DE8}") = "YAHI", "YAHI", "{D0F3524F-389C-428F-8D7A-BE0FDCD6D015}"
EndProject
Project("{9A19103F-16F7-4668-BE54-9A1E7A4F7556}") = "BlazorHomieDashboard.Server", "BlazorHomieDashboard.Server\BlazorHomieDashboard.Server.csproj", "{63C36DA6-AF76-47EB-A4BC-0AD1ECBA81B7}"
EndProject
Project("{D954291E-2A0B-460D-934E-DC6B0785DB48}") = "CommonCode", "YAHI\CommonCode\CommonCode.shproj", "{5D02513A-2022-481F-92BE-4EF5192993F8}"
EndProject
Project("{9A19103F-16F7-4668-BE54-9A1E7A4F7556}") = "Yahi-bigNET", "YAHI\Yahi-bigNET\Yahi-bigNET.csproj", "{40C0C4D6-F6C1-4E2E-8B12-A1CE749DB889}"
EndProject
Global
	GlobalSection(SharedMSBuildProjectFiles) = preSolution
		YAHI\CommonCode\CommonCode.projitems*{40c0c4d6-f6c1-4e2e-8b12-a1ce749db889}*SharedItemsImports = 5
		YAHI\CommonCode\CommonCode.projitems*{5d02513a-2022-481f-92be-4ef5192993f8}*SharedItemsImports = 13
	EndGlobalSection
	GlobalSection(SolutionConfigurationPlatforms) = preSolution
		Debug|Any CPU = Debug|Any CPU
		Debug|x86 = Debug|x86
		Release|Any CPU = Release|Any CPU
		Release|x86 = Release|x86
	EndGlobalSection
	GlobalSection(ProjectConfigurationPlatforms) = postSolution
		{B775D0EB-3E5D-4D8F-80CB-44AEE4876434}.Debug|Any CPU.ActiveCfg = Debug|Any CPU
		{B775D0EB-3E5D-4D8F-80CB-44AEE4876434}.Debug|Any CPU.Build.0 = Debug|Any CPU
		{B775D0EB-3E5D-4D8F-80CB-44AEE4876434}.Debug|x86.ActiveCfg = Debug|Any CPU
		{B775D0EB-3E5D-4D8F-80CB-44AEE4876434}.Debug|x86.Build.0 = Debug|Any CPU
		{B775D0EB-3E5D-4D8F-80CB-44AEE4876434}.Release|Any CPU.ActiveCfg = Release|Any CPU
		{B775D0EB-3E5D-4D8F-80CB-44AEE4876434}.Release|Any CPU.Build.0 = Release|Any CPU
		{B775D0EB-3E5D-4D8F-80CB-44AEE4876434}.Release|x86.ActiveCfg = Release|Any CPU
		{B775D0EB-3E5D-4D8F-80CB-44AEE4876434}.Release|x86.Build.0 = Release|Any CPU
		{63C36DA6-AF76-47EB-A4BC-0AD1ECBA81B7}.Debug|Any CPU.ActiveCfg = Debug|Any CPU
		{63C36DA6-AF76-47EB-A4BC-0AD1ECBA81B7}.Debug|Any CPU.Build.0 = Debug|Any CPU
		{63C36DA6-AF76-47EB-A4BC-0AD1ECBA81B7}.Debug|x86.ActiveCfg = Debug|Any CPU
		{63C36DA6-AF76-47EB-A4BC-0AD1ECBA81B7}.Debug|x86.Build.0 = Debug|Any CPU
		{63C36DA6-AF76-47EB-A4BC-0AD1ECBA81B7}.Release|Any CPU.ActiveCfg = Release|Any CPU
		{63C36DA6-AF76-47EB-A4BC-0AD1ECBA81B7}.Release|Any CPU.Build.0 = Release|Any CPU
		{63C36DA6-AF76-47EB-A4BC-0AD1ECBA81B7}.Release|x86.ActiveCfg = Release|Any CPU
		{63C36DA6-AF76-47EB-A4BC-0AD1ECBA81B7}.Release|x86.Build.0 = Release|Any CPU
		{40C0C4D6-F6C1-4E2E-8B12-A1CE749DB889}.Debug|Any CPU.ActiveCfg = Debug|Any CPU
		{40C0C4D6-F6C1-4E2E-8B12-A1CE749DB889}.Debug|Any CPU.Build.0 = Debug|Any CPU
		{40C0C4D6-F6C1-4E2E-8B12-A1CE749DB889}.Debug|x86.ActiveCfg = Debug|Any CPU
		{40C0C4D6-F6C1-4E2E-8B12-A1CE749DB889}.Debug|x86.Build.0 = Debug|Any CPU
		{40C0C4D6-F6C1-4E2E-8B12-A1CE749DB889}.Release|Any CPU.ActiveCfg = Release|Any CPU
		{40C0C4D6-F6C1-4E2E-8B12-A1CE749DB889}.Release|Any CPU.Build.0 = Release|Any CPU
		{40C0C4D6-F6C1-4E2E-8B12-A1CE749DB889}.Release|x86.ActiveCfg = Release|Any CPU
		{40C0C4D6-F6C1-4E2E-8B12-A1CE749DB889}.Release|x86.Build.0 = Release|Any CPU
	EndGlobalSection
	GlobalSection(SolutionProperties) = preSolution
		HideSolutionNode = FALSE
	EndGlobalSection
	GlobalSection(NestedProjects) = preSolution
		{5D02513A-2022-481F-92BE-4EF5192993F8} = {D0F3524F-389C-428F-8D7A-BE0FDCD6D015}
		{40C0C4D6-F6C1-4E2E-8B12-A1CE749DB889} = {D0F3524F-389C-428F-8D7A-BE0FDCD6D015}
	EndGlobalSection
	GlobalSection(ExtensibilityGlobals) = postSolution
		SolutionGuid = {5273E144-EE15-480A-B105-F38361BC5363}
	EndGlobalSection
EndGlobal
