
Microsoft Visual Studio Solution File, Format Version 12.00
# Visual Studio Version 16
VisualStudioVersion = 16.0.31005.135
MinimumVisualStudioVersion = 10.0.40219.1
Project("{9A19103F-16F7-4668-BE54-9A1E7A4F7556}") = "Yahi-bigNET", "Yahi\Yahi-bigNET\Yahi-bigNET.csproj", "{2F0B03A3-091E-4C17-86BE-FE11F3CCBD57}"
EndProject
Project("{2150E333-8FDC-42A3-9474-1A3956D46DE8}") = "Yahi", "Yahi", "{BCC75431-F3EB-48C6-9195-6CF9151EB2F8}"
EndProject
Project("{9A19103F-16F7-4668-BE54-9A1E7A4F7556}") = "Yahi.Utilities-bigNET", "Yahi\Yahi.Utilities-bigNET\Yahi.Utilities-bigNET.csproj", "{D6511F2A-2987-4B35-860B-FB29A597FA4F}"
EndProject
Project("{D954291E-2A0B-460D-934E-DC6B0785DB48}") = "Yahi.CommonCode", "Yahi\Yahi.CommonCode\Yahi.CommonCode.shproj", "{5D02513A-2022-481F-92BE-4EF5192993F8}"
EndProject
Project("{9A19103F-16F7-4668-BE54-9A1E7A4F7556}") = "Bhd.Server", "Redesign\Bhd.Server\Bhd.Server.csproj", "{07CD3548-EB9F-4378-8D03-C2BBB328FCDE}"
EndProject
Project("{9A19103F-16F7-4668-BE54-9A1E7A4F7556}") = "Bhd.Client", "Redesign\Bhd.Client\Bhd.Client.csproj", "{11651263-BC31-4D8C-BFCC-F541788F25C2}"
EndProject
Project("{9A19103F-16F7-4668-BE54-9A1E7A4F7556}") = "Bhd.Shared", "Redesign\Bhd.Shared\Bhd.Shared.csproj", "{B5FB46C1-F9A0-4DCC-8385-79DFB3EE7D6E}"
EndProject
Global
	GlobalSection(SharedMSBuildProjectFiles) = preSolution
		Yahi\Yahi.CommonCode\Yahi.CommonCode.projitems*{2f0b03a3-091e-4c17-86be-fe11f3ccbd57}*SharedItemsImports = 5
		Yahi\Yahi.CommonCode\Yahi.CommonCode.projitems*{5d02513a-2022-481f-92be-4ef5192993f8}*SharedItemsImports = 13
		Yahi\Yahi.Utilities.CommonCode\Yahi.Utilities.CommonCode.projitems*{d6511f2a-2987-4b35-860b-fb29a597fa4f}*SharedItemsImports = 5
	EndGlobalSection
	GlobalSection(SolutionConfigurationPlatforms) = preSolution
		Debug|Any CPU = Debug|Any CPU
		Debug|x86 = Debug|x86
		Release|Any CPU = Release|Any CPU
		Release|x86 = Release|x86
	EndGlobalSection
	GlobalSection(ProjectConfigurationPlatforms) = postSolution
		{2F0B03A3-091E-4C17-86BE-FE11F3CCBD57}.Debug|Any CPU.ActiveCfg = Debug|Any CPU
		{2F0B03A3-091E-4C17-86BE-FE11F3CCBD57}.Debug|Any CPU.Build.0 = Debug|Any CPU
		{2F0B03A3-091E-4C17-86BE-FE11F3CCBD57}.Debug|x86.ActiveCfg = Debug|Any CPU
		{2F0B03A3-091E-4C17-86BE-FE11F3CCBD57}.Debug|x86.Build.0 = Debug|Any CPU
		{2F0B03A3-091E-4C17-86BE-FE11F3CCBD57}.Release|Any CPU.ActiveCfg = Release|Any CPU
		{2F0B03A3-091E-4C17-86BE-FE11F3CCBD57}.Release|Any CPU.Build.0 = Release|Any CPU
		{2F0B03A3-091E-4C17-86BE-FE11F3CCBD57}.Release|x86.ActiveCfg = Release|Any CPU
		{2F0B03A3-091E-4C17-86BE-FE11F3CCBD57}.Release|x86.Build.0 = Release|Any CPU
		{D6511F2A-2987-4B35-860B-FB29A597FA4F}.Debug|Any CPU.ActiveCfg = Debug|Any CPU
		{D6511F2A-2987-4B35-860B-FB29A597FA4F}.Debug|Any CPU.Build.0 = Debug|Any CPU
		{D6511F2A-2987-4B35-860B-FB29A597FA4F}.Debug|x86.ActiveCfg = Debug|Any CPU
		{D6511F2A-2987-4B35-860B-FB29A597FA4F}.Debug|x86.Build.0 = Debug|Any CPU
		{D6511F2A-2987-4B35-860B-FB29A597FA4F}.Release|Any CPU.ActiveCfg = Release|Any CPU
		{D6511F2A-2987-4B35-860B-FB29A597FA4F}.Release|Any CPU.Build.0 = Release|Any CPU
		{D6511F2A-2987-4B35-860B-FB29A597FA4F}.Release|x86.ActiveCfg = Release|Any CPU
		{D6511F2A-2987-4B35-860B-FB29A597FA4F}.Release|x86.Build.0 = Release|Any CPU
		{07CD3548-EB9F-4378-8D03-C2BBB328FCDE}.Debug|Any CPU.ActiveCfg = Debug|Any CPU
		{07CD3548-EB9F-4378-8D03-C2BBB328FCDE}.Debug|Any CPU.Build.0 = Debug|Any CPU
		{07CD3548-EB9F-4378-8D03-C2BBB328FCDE}.Debug|x86.ActiveCfg = Debug|Any CPU
		{07CD3548-EB9F-4378-8D03-C2BBB328FCDE}.Debug|x86.Build.0 = Debug|Any CPU
		{07CD3548-EB9F-4378-8D03-C2BBB328FCDE}.Release|Any CPU.ActiveCfg = Release|Any CPU
		{07CD3548-EB9F-4378-8D03-C2BBB328FCDE}.Release|Any CPU.Build.0 = Release|Any CPU
		{07CD3548-EB9F-4378-8D03-C2BBB328FCDE}.Release|x86.ActiveCfg = Release|Any CPU
		{07CD3548-EB9F-4378-8D03-C2BBB328FCDE}.Release|x86.Build.0 = Release|Any CPU
		{11651263-BC31-4D8C-BFCC-F541788F25C2}.Debug|Any CPU.ActiveCfg = Debug|Any CPU
		{11651263-BC31-4D8C-BFCC-F541788F25C2}.Debug|Any CPU.Build.0 = Debug|Any CPU
		{11651263-BC31-4D8C-BFCC-F541788F25C2}.Debug|x86.ActiveCfg = Debug|Any CPU
		{11651263-BC31-4D8C-BFCC-F541788F25C2}.Debug|x86.Build.0 = Debug|Any CPU
		{11651263-BC31-4D8C-BFCC-F541788F25C2}.Release|Any CPU.ActiveCfg = Release|Any CPU
		{11651263-BC31-4D8C-BFCC-F541788F25C2}.Release|Any CPU.Build.0 = Release|Any CPU
		{11651263-BC31-4D8C-BFCC-F541788F25C2}.Release|x86.ActiveCfg = Release|Any CPU
		{11651263-BC31-4D8C-BFCC-F541788F25C2}.Release|x86.Build.0 = Release|Any CPU
		{B5FB46C1-F9A0-4DCC-8385-79DFB3EE7D6E}.Debug|Any CPU.ActiveCfg = Debug|Any CPU
		{B5FB46C1-F9A0-4DCC-8385-79DFB3EE7D6E}.Debug|Any CPU.Build.0 = Debug|Any CPU
		{B5FB46C1-F9A0-4DCC-8385-79DFB3EE7D6E}.Debug|x86.ActiveCfg = Debug|Any CPU
		{B5FB46C1-F9A0-4DCC-8385-79DFB3EE7D6E}.Debug|x86.Build.0 = Debug|Any CPU
		{B5FB46C1-F9A0-4DCC-8385-79DFB3EE7D6E}.Release|Any CPU.ActiveCfg = Release|Any CPU
		{B5FB46C1-F9A0-4DCC-8385-79DFB3EE7D6E}.Release|Any CPU.Build.0 = Release|Any CPU
		{B5FB46C1-F9A0-4DCC-8385-79DFB3EE7D6E}.Release|x86.ActiveCfg = Release|Any CPU
		{B5FB46C1-F9A0-4DCC-8385-79DFB3EE7D6E}.Release|x86.Build.0 = Release|Any CPU
	EndGlobalSection
	GlobalSection(SolutionProperties) = preSolution
		HideSolutionNode = FALSE
	EndGlobalSection
	GlobalSection(NestedProjects) = preSolution
		{2F0B03A3-091E-4C17-86BE-FE11F3CCBD57} = {BCC75431-F3EB-48C6-9195-6CF9151EB2F8}
		{D6511F2A-2987-4B35-860B-FB29A597FA4F} = {BCC75431-F3EB-48C6-9195-6CF9151EB2F8}
		{5D02513A-2022-481F-92BE-4EF5192993F8} = {BCC75431-F3EB-48C6-9195-6CF9151EB2F8}
	EndGlobalSection
	GlobalSection(ExtensibilityGlobals) = postSolution
		SolutionGuid = {5273E144-EE15-480A-B105-F38361BC5363}
	EndGlobalSection
EndGlobal
